
Microsoft Visual Studio Solution File, Format Version 12.00
# Visual Studio Version 17
VisualStudioVersion = 17.2.32526.322
MinimumVisualStudioVersion = 10.0.40219.1
Project("{FAE04EC0-301F-11D3-BF4B-00C04F79EFBC}") = "RH Project", "RH Project\RH Project.csproj", "{DF1E41C2-1AD2-457D-BC67-0BA7012B161A}"
EndProject
Global
	GlobalSection(SolutionConfigurationPlatforms) = preSolution
		Debug|Any CPU = Debug|Any CPU
		Release|Any CPU = Release|Any CPU
	EndGlobalSection
	GlobalSection(ProjectConfigurationPlatforms) = postSolution
		{DF1E41C2-1AD2-457D-BC67-0BA7012B161A}.Debug|Any CPU.ActiveCfg = Debug|Any CPU
		{DF1E41C2-1AD2-457D-BC67-0BA7012B161A}.Debug|Any CPU.Build.0 = Debug|Any CPU
		{DF1E41C2-1AD2-457D-BC67-0BA7012B161A}.Release|Any CPU.ActiveCfg = Release|Any CPU
		{DF1E41C2-1AD2-457D-BC67-0BA7012B161A}.Release|Any CPU.Build.0 = Release|Any CPU
	EndGlobalSection
	GlobalSection(SolutionProperties) = preSolution
		HideSolutionNode = FALSE
	EndGlobalSection
	GlobalSection(ExtensibilityGlobals) = postSolution
		SolutionGuid = {D86B0641-5CBD-4E75-ABC6-F3B9824D21EA}
	EndGlobalSection
EndGlobal
